
Microsoft Visual Studio Solution File, Format Version 12.00
# Visual Studio Version 16
VisualStudioVersion = 16.0.30503.244
MinimumVisualStudioVersion = 10.0.40219.1
Project("{FAE04EC0-301F-11D3-BF4B-00C04F79EFBC}") = "HIQVisualizer", "HIQVisualizer\HIQVisualizer.csproj", "{79ED3247-62A7-4215-A56B-1EC95363952A}"
EndProject
Project("{FAE04EC0-301F-11D3-BF4B-00C04F79EFBC}") = "HIQLib", "HIQLib\HIQLib.csproj", "{A1A687C8-D7F0-497D-A236-70E76EC1ACBA}"
EndProject
Global
	GlobalSection(SolutionConfigurationPlatforms) = preSolution
		Debug|Any CPU = Debug|Any CPU
		Release|Any CPU = Release|Any CPU
	EndGlobalSection
	GlobalSection(ProjectConfigurationPlatforms) = postSolution
		{79ED3247-62A7-4215-A56B-1EC95363952A}.Debug|Any CPU.ActiveCfg = Debug|Any CPU
		{79ED3247-62A7-4215-A56B-1EC95363952A}.Debug|Any CPU.Build.0 = Debug|Any CPU
		{79ED3247-62A7-4215-A56B-1EC95363952A}.Release|Any CPU.ActiveCfg = Release|Any CPU
		{79ED3247-62A7-4215-A56B-1EC95363952A}.Release|Any CPU.Build.0 = Release|Any CPU
		{A1A687C8-D7F0-497D-A236-70E76EC1ACBA}.Debug|Any CPU.ActiveCfg = Debug|Any CPU
		{A1A687C8-D7F0-497D-A236-70E76EC1ACBA}.Debug|Any CPU.Build.0 = Debug|Any CPU
		{A1A687C8-D7F0-497D-A236-70E76EC1ACBA}.Release|Any CPU.ActiveCfg = Release|Any CPU
		{A1A687C8-D7F0-497D-A236-70E76EC1ACBA}.Release|Any CPU.Build.0 = Release|Any CPU
	EndGlobalSection
	GlobalSection(SolutionProperties) = preSolution
		HideSolutionNode = FALSE
	EndGlobalSection
	GlobalSection(ExtensibilityGlobals) = postSolution
		SolutionGuid = {006FDCA5-FD6F-47B8-8733-7A147FA3A237}
	EndGlobalSection
EndGlobal
